// !$*UTF8*$!
{
	archiveVersion = 1;
	classes = {
	};
	objectVersion = 77;
	objects = {

/* Begin PBXContainerItemProxy section */
		33CE87382DF362930025778E /* PBXContainerItemProxy */ = {
			isa = PBXContainerItemProxy;
			containerPortal = 33CE871F2DF362920025778E /* Project object */;
			proxyType = 1;
			remoteGlobalIDString = 33CE87262DF362930025778E;
			remoteInfo = MarvelApiAppSwift;
		};
		33CE87422DF362930025778E /* PBXContainerItemProxy */ = {
			isa = PBXContainerItemProxy;
			containerPortal = 33CE871F2DF362920025778E /* Project object */;
			proxyType = 1;
			remoteGlobalIDString = 33CE87262DF362930025778E;
			remoteInfo = MarvelApiAppSwift;
		};
/* End PBXContainerItemProxy section */

/* Begin PBXFileReference section */
		33CE87272DF362930025778E /* MarvelApiAppSwift.app */ = {isa = PBXFileReference; explicitFileType = wrapper.application; includeInIndex = 0; path = MarvelApiAppSwift.app; sourceTree = BUILT_PRODUCTS_DIR; };
		33CE87372DF362930025778E /* MarvelApiAppSwiftTests.xctest */ = {isa = PBXFileReference; explicitFileType = wrapper.cfbundle; includeInIndex = 0; path = MarvelApiAppSwiftTests.xctest; sourceTree = BUILT_PRODUCTS_DIR; };
		33CE87412DF362930025778E /* MarvelApiAppSwiftUITests.xctest */ = {isa = PBXFileReference; explicitFileType = wrapper.cfbundle; includeInIndex = 0; path = MarvelApiAppSwiftUITests.xctest; sourceTree = BUILT_PRODUCTS_DIR; };
/* End PBXFileReference section */

/* Begin PBXFileSystemSynchronizedRootGroup section */
		33CE87292DF362930025778E /* MarvelApiAppSwift */ = {
			isa = PBXFileSystemSynchronizedRootGroup;
			path = MarvelApiAppSwift;
			sourceTree = "<group>";
		};
		33CE873A2DF362930025778E /* MarvelApiAppSwiftTests */ = {
			isa = PBXFileSystemSynchronizedRootGroup;
			path = MarvelApiAppSwiftTests;
			sourceTree = "<group>";
		};
		33CE87442DF362930025778E /* MarvelApiAppSwiftUITests */ = {
			isa = PBXFileSystemSynchronizedRootGroup;
			path = MarvelApiAppSwiftUITests;
			sourceTree = "<group>";
		};
/* End PBXFileSystemSynchronizedRootGroup section */

/* Begin PBXFrameworksBuildPhase section */
		33CE87242DF362930025778E /* Frameworks */ = {
			isa = PBXFrameworksBuildPhase;
			buildActionMask = 2147483647;
			files = (
			);
			runOnlyForDeploymentPostprocessing = 0;
		};
		33CE87342DF362930025778E /* Frameworks */ = {
			isa = PBXFrameworksBuildPhase;
			buildActionMask = 2147483647;
			files = (
			);
			runOnlyForDeploymentPostprocessing = 0;
		};
		33CE873E2DF362930025778E /* Frameworks */ = {
			isa = PBXFrameworksBuildPhase;
			buildActionMask = 2147483647;
			files = (
			);
			runOnlyForDeploymentPostprocessing = 0;
		};
/* End PBXFrameworksBuildPhase section */

/* Begin PBXGroup section */
		33CE871E2DF362920025778E = {
			isa = PBXGroup;
			children = (
				33CE87292DF362930025778E /* MarvelApiAppSwift */,
				33CE873A2DF362930025778E /* MarvelApiAppSwiftTests */,
				33CE87442DF362930025778E /* MarvelApiAppSwiftUITests */,
				33CE87282DF362930025778E /* Products */,
			);
			sourceTree = "<group>";
		};
		33CE87282DF362930025778E /* Products */ = {
			isa = PBXGroup;
			children = (
				33CE87272DF362930025778E /* MarvelApiAppSwift.app */,
				33CE87372DF362930025778E /* MarvelApiAppSwiftTests.xctest */,
				33CE87412DF362930025778E /* MarvelApiAppSwiftUITests.xctest */,
			);
			name = Products;
			sourceTree = "<group>";
		};
/* End PBXGroup section */

/* Begin PBXNativeTarget section */
		33CE87262DF362930025778E /* MarvelApiAppSwift */ = {
			isa = PBXNativeTarget;
			buildConfigurationList = 33CE874B2DF362930025778E /* Build configuration list for PBXNativeTarget "MarvelApiAppSwift" */;
			buildPhases = (
				33CE87232DF362930025778E /* Sources */,
				33CE87242DF362930025778E /* Frameworks */,
				33CE87252DF362930025778E /* Resources */,
			);
			buildRules = (
			);
			dependencies = (
			);
			fileSystemSynchronizedGroups = (
				33CE87292DF362930025778E /* MarvelApiAppSwift */,
			);
			name = MarvelApiAppSwift;
			packageProductDependencies = (
			);
			productName = MarvelApiAppSwift;
			productReference = 33CE87272DF362930025778E /* MarvelApiAppSwift.app */;
			productType = "com.apple.product-type.application";
		};
		33CE87362DF362930025778E /* MarvelApiAppSwiftTests */ = {
			isa = PBXNativeTarget;
			buildConfigurationList = 33CE874E2DF362930025778E /* Build configuration list for PBXNativeTarget "MarvelApiAppSwiftTests" */;
			buildPhases = (
				33CE87332DF362930025778E /* Sources */,
				33CE87342DF362930025778E /* Frameworks */,
				33CE87352DF362930025778E /* Resources */,
			);
			buildRules = (
			);
			dependencies = (
				33CE87392DF362930025778E /* PBXTargetDependency */,
			);
			fileSystemSynchronizedGroups = (
				33CE873A2DF362930025778E /* MarvelApiAppSwiftTests */,
			);
			name = MarvelApiAppSwiftTests;
			packageProductDependencies = (
			);
			productName = MarvelApiAppSwiftTests;
			productReference = 33CE87372DF362930025778E /* MarvelApiAppSwiftTests.xctest */;
			productType = "com.apple.product-type.bundle.unit-test";
		};
		33CE87402DF362930025778E /* MarvelApiAppSwiftUITests */ = {
			isa = PBXNativeTarget;
			buildConfigurationList = 33CE87512DF362930025778E /* Build configuration list for PBXNativeTarget "MarvelApiAppSwiftUITests" */;
			buildPhases = (
				33CE873D2DF362930025778E /* Sources */,
				33CE873E2DF362930025778E /* Frameworks */,
				33CE873F2DF362930025778E /* Resources */,
			);
			buildRules = (
			);
			dependencies = (
				33CE87432DF362930025778E /* PBXTargetDependency */,
			);
			fileSystemSynchronizedGroups = (
				33CE87442DF362930025778E /* MarvelApiAppSwiftUITests */,
			);
			name = MarvelApiAppSwiftUITests;
			packageProductDependencies = (
			);
			productName = MarvelApiAppSwiftUITests;
			productReference = 33CE87412DF362930025778E /* MarvelApiAppSwiftUITests.xctest */;
			productType = "com.apple.product-type.bundle.ui-testing";
		};
/* End PBXNativeTarget section */

/* Begin PBXProject section */
		33CE871F2DF362920025778E /* Project object */ = {
			isa = PBXProject;
			attributes = {
				BuildIndependentTargetsInParallel = 1;
				LastSwiftUpdateCheck = 1620;
				LastUpgradeCheck = 1620;
				TargetAttributes = {
					33CE87262DF362930025778E = {
						CreatedOnToolsVersion = 16.2;
					};
					33CE87362DF362930025778E = {
						CreatedOnToolsVersion = 16.2;
						TestTargetID = 33CE87262DF362930025778E;
					};
					33CE87402DF362930025778E = {
						CreatedOnToolsVersion = 16.2;
						TestTargetID = 33CE87262DF362930025778E;
					};
				};
			};
			buildConfigurationList = 33CE87222DF362920025778E /* Build configuration list for PBXProject "MarvelApiAppSwift" */;
			developmentRegion = en;
			hasScannedForEncodings = 0;
			knownRegions = (
				en,
				Base,
			);
			mainGroup = 33CE871E2DF362920025778E;
			minimizedProjectReferenceProxies = 1;
			preferredProjectObjectVersion = 77;
			productRefGroup = 33CE87282DF362930025778E /* Products */;
			projectDirPath = "";
			projectRoot = "";
			targets = (
				33CE87262DF362930025778E /* MarvelApiAppSwift */,
				33CE87362DF362930025778E /* MarvelApiAppSwiftTests */,
				33CE87402DF362930025778E /* MarvelApiAppSwiftUITests */,
			);
		};
/* End PBXProject section */

/* Begin PBXResourcesBuildPhase section */
		33CE87252DF362930025778E /* Resources */ = {
			isa = PBXResourcesBuildPhase;
			buildActionMask = 2147483647;
			files = (
			);
			runOnlyForDeploymentPostprocessing = 0;
		};
		33CE87352DF362930025778E /* Resources */ = {
			isa = PBXResourcesBuildPhase;
			buildActionMask = 2147483647;
			files = (
			);
			runOnlyForDeploymentPostprocessing = 0;
		};
		33CE873F2DF362930025778E /* Resources */ = {
			isa = PBXResourcesBuildPhase;
			buildActionMask = 2147483647;
			files = (
			);
			runOnlyForDeploymentPostprocessing = 0;
		};
/* End PBXResourcesBuildPhase section */

/* Begin PBXSourcesBuildPhase section */
		33CE87232DF362930025778E /* Sources */ = {
			isa = PBXSourcesBuildPhase;
			buildActionMask = 2147483647;
			files = (
			);
			runOnlyForDeploymentPostprocessing = 0;
		};
		33CE87332DF362930025778E /* Sources */ = {
			isa = PBXSourcesBuildPhase;
			buildActionMask = 2147483647;
			files = (
			);
			runOnlyForDeploymentPostprocessing = 0;
		};
		33CE873D2DF362930025778E /* Sources */ = {
			isa = PBXSourcesBuildPhase;
			buildActionMask = 2147483647;
			files = (
			);
			runOnlyForDeploymentPostprocessing = 0;
		};
/* End PBXSourcesBuildPhase section */

/* Begin PBXTargetDependency section */
		33CE87392DF362930025778E /* PBXTargetDependency */ = {
			isa = PBXTargetDependency;
			target = 33CE87262DF362930025778E /* MarvelApiAppSwift */;
			targetProxy = 33CE87382DF362930025778E /* PBXContainerItemProxy */;
		};
		33CE87432DF362930025778E /* PBXTargetDependency */ = {
			isa = PBXTargetDependency;
			target = 33CE87262DF362930025778E /* MarvelApiAppSwift */;
			targetProxy = 33CE87422DF362930025778E /* PBXContainerItemProxy */;
		};
/* End PBXTargetDependency section */

/* Begin XCBuildConfiguration section */
		33CE87492DF362930025778E /* Debug */ = {
			isa = XCBuildConfiguration;
			buildSettings = {
				ALWAYS_SEARCH_USER_PATHS = NO;
				ASSETCATALOG_COMPILER_GENERATE_SWIFT_ASSET_SYMBOL_EXTENSIONS = YES;
				CLANG_ANALYZER_NONNULL = YES;
				CLANG_ANALYZER_NUMBER_OBJECT_CONVERSION = YES_AGGRESSIVE;
				CLANG_CXX_LANGUAGE_STANDARD = "gnu++20";
				CLANG_ENABLE_MODULES = YES;
				CLANG_ENABLE_OBJC_ARC = YES;
				CLANG_ENABLE_OBJC_WEAK = YES;
				CLANG_WARN_BLOCK_CAPTURE_AUTORELEASING = YES;
				CLANG_WARN_BOOL_CONVERSION = YES;
				CLANG_WARN_COMMA = YES;
				CLANG_WARN_CONSTANT_CONVERSION = YES;
				CLANG_WARN_DEPRECATED_OBJC_IMPLEMENTATIONS = YES;
				CLANG_WARN_DIRECT_OBJC_ISA_USAGE = YES_ERROR;
				CLANG_WARN_DOCUMENTATION_COMMENTS = YES;
				CLANG_WARN_EMPTY_BODY = YES;
				CLANG_WARN_ENUM_CONVERSION = YES;
				CLANG_WARN_INFINITE_RECURSION = YES;
				CLANG_WARN_INT_CONVERSION = YES;
				CLANG_WARN_NON_LITERAL_NULL_CONVERSION = YES;
				CLANG_WARN_OBJC_IMPLICIT_RETAIN_SELF = YES;
				CLANG_WARN_OBJC_LITERAL_CONVERSION = YES;
				CLANG_WARN_OBJC_ROOT_CLASS = YES_ERROR;
				CLANG_WARN_QUOTED_INCLUDE_IN_FRAMEWORK_HEADER = YES;
				CLANG_WARN_RANGE_LOOP_ANALYSIS = YES;
				CLANG_WARN_STRICT_PROTOTYPES = YES;
				CLANG_WARN_SUSPICIOUS_MOVE = YES;
				CLANG_WARN_UNGUARDED_AVAILABILITY = YES_AGGRESSIVE;
				CLANG_WARN_UNREACHABLE_CODE = YES;
				CLANG_WARN__DUPLICATE_METHOD_MATCH = YES;
				COPY_PHASE_STRIP = NO;
				DEBUG_INFORMATION_FORMAT = dwarf;
				ENABLE_STRICT_OBJC_MSGSEND = YES;
				ENABLE_TESTABILITY = YES;
				ENABLE_USER_SCRIPT_SANDBOXING = YES;
				GCC_C_LANGUAGE_STANDARD = gnu17;
				GCC_DYNAMIC_NO_PIC = NO;
				GCC_NO_COMMON_BLOCKS = YES;
				GCC_OPTIMIZATION_LEVEL = 0;
				GCC_PREPROCESSOR_DEFINITIONS = (
					"DEBUG=1",
					"$(inherited)",
				);
				GCC_WARN_64_TO_32_BIT_CONVERSION = YES;
				GCC_WARN_ABOUT_RETURN_TYPE = YES_ERROR;
				GCC_WARN_UNDECLARED_SELECTOR = YES;
				GCC_WARN_UNINITIALIZED_AUTOS = YES_AGGRESSIVE;
				GCC_WARN_UNUSED_FUNCTION = YES;
				GCC_WARN_UNUSED_VARIABLE = YES;
				IPHONEOS_DEPLOYMENT_TARGET = 18.2;
				LOCALIZATION_PREFERS_STRING_CATALOGS = YES;
				MTL_ENABLE_DEBUG_INFO = INCLUDE_SOURCE;
				MTL_FAST_MATH = YES;
				ONLY_ACTIVE_ARCH = YES;
				SDKROOT = iphoneos;
				SWIFT_ACTIVE_COMPILATION_CONDITIONS = "DEBUG $(inherited)";
				SWIFT_OPTIMIZATION_LEVEL = "-Onone";
			};
			name = Debug;
		};
		33CE874A2DF362930025778E /* Release */ = {
			isa = XCBuildConfiguration;
			buildSettings = {
				ALWAYS_SEARCH_USER_PATHS = NO;
				ASSETCATALOG_COMPILER_GENERATE_SWIFT_ASSET_SYMBOL_EXTENSIONS = YES;
				CLANG_ANALYZER_NONNULL = YES;
				CLANG_ANALYZER_NUMBER_OBJECT_CONVERSION = YES_AGGRESSIVE;
				CLANG_CXX_LANGUAGE_STANDARD = "gnu++20";
				CLANG_ENABLE_MODULES = YES;
				CLANG_ENABLE_OBJC_ARC = YES;
				CLANG_ENABLE_OBJC_WEAK = YES;
				CLANG_WARN_BLOCK_CAPTURE_AUTORELEASING = YES;
				CLANG_WARN_BOOL_CONVERSION = YES;
				CLANG_WARN_COMMA = YES;
				CLANG_WARN_CONSTANT_CONVERSION = YES;
				CLANG_WARN_DEPRECATED_OBJC_IMPLEMENTATIONS = YES;
				CLANG_WARN_DIRECT_OBJC_ISA_USAGE = YES_ERROR;
				CLANG_WARN_DOCUMENTATION_COMMENTS = YES;
				CLANG_WARN_EMPTY_BODY = YES;
				CLANG_WARN_ENUM_CONVERSION = YES;
				CLANG_WARN_INFINITE_RECURSION = YES;
				CLANG_WARN_INT_CONVERSION = YES;
				CLANG_WARN_NON_LITERAL_NULL_CONVERSION = YES;
				CLANG_WARN_OBJC_IMPLICIT_RETAIN_SELF = YES;
				CLANG_WARN_OBJC_LITERAL_CONVERSION = YES;
				CLANG_WARN_OBJC_ROOT_CLASS = YES_ERROR;
				CLANG_WARN_QUOTED_INCLUDE_IN_FRAMEWORK_HEADER = YES;
				CLANG_WARN_RANGE_LOOP_ANALYSIS = YES;
				CLANG_WARN_STRICT_PROTOTYPES = YES;
				CLANG_WARN_SUSPICIOUS_MOVE = YES;
				CLANG_WARN_UNGUARDED_AVAILABILITY = YES_AGGRESSIVE;
				CLANG_WARN_UNREACHABLE_CODE = YES;
				CLANG_WARN__DUPLICATE_METHOD_MATCH = YES;
				COPY_PHASE_STRIP = NO;
				DEBUG_INFORMATION_FORMAT = "dwarf-with-dsym";
				ENABLE_NS_ASSERTIONS = NO;
				ENABLE_STRICT_OBJC_MSGSEND = YES;
				ENABLE_USER_SCRIPT_SANDBOXING = YES;
				GCC_C_LANGUAGE_STANDARD = gnu17;
				GCC_NO_COMMON_BLOCKS = YES;
				GCC_WARN_64_TO_32_BIT_CONVERSION = YES;
				GCC_WARN_ABOUT_RETURN_TYPE = YES_ERROR;
				GCC_WARN_UNDECLARED_SELECTOR = YES;
				GCC_WARN_UNINITIALIZED_AUTOS = YES_AGGRESSIVE;
				GCC_WARN_UNUSED_FUNCTION = YES;
				GCC_WARN_UNUSED_VARIABLE = YES;
				IPHONEOS_DEPLOYMENT_TARGET = 18.2;
				LOCALIZATION_PREFERS_STRING_CATALOGS = YES;
				MTL_ENABLE_DEBUG_INFO = NO;
				MTL_FAST_MATH = YES;
				SDKROOT = iphoneos;
				SWIFT_COMPILATION_MODE = wholemodule;
				VALIDATE_PRODUCT = YES;
			};
			name = Release;
		};
		33CE874C2DF362930025778E /* Debug */ = {
			isa = XCBuildConfiguration;
			buildSettings = {
				ASSETCATALOG_COMPILER_APPICON_NAME = AppIcon;
				ASSETCATALOG_COMPILER_GLOBAL_ACCENT_COLOR_NAME = AccentColor;
				CODE_SIGN_STYLE = Automatic;
				CURRENT_PROJECT_VERSION = 1;
				DEVELOPMENT_ASSET_PATHS = "\"MarvelApiAppSwift/Preview Content\"";
				DEVELOPMENT_TEAM = 37Z67R49HM;
				ENABLE_PREVIEWS = YES;
				GENERATE_INFOPLIST_FILE = YES;
				INFOPLIST_KEY_UIApplicationSceneManifest_Generation = YES;
				INFOPLIST_KEY_UIApplicationSupportsIndirectInputEvents = YES;
				INFOPLIST_KEY_UILaunchScreen_Generation = YES;
				INFOPLIST_KEY_UISupportedInterfaceOrientations = UIInterfaceOrientationPortrait;
				INFOPLIST_KEY_UISupportedInterfaceOrientations_iPad = "UIInterfaceOrientationLandscapeLeft UIInterfaceOrientationLandscapeRight UIInterfaceOrientationPortrait UIInterfaceOrientationPortraitUpsideDown";
				LD_RUNPATH_SEARCH_PATHS = (
					"$(inherited)",
					"@executable_path/Frameworks",
				);
				MARKETING_VERSION = 1.0;
				PRODUCT_BUNDLE_IDENTIFIER = luisquintero.heroes.swiftui.MarvelApiAppSwift;
				PRODUCT_NAME = "$(TARGET_NAME)";
				SWIFT_EMIT_LOC_STRINGS = YES;
				SWIFT_VERSION = 5.0;
				TARGETED_DEVICE_FAMILY = "1,2";
			};
			name = Debug;
		};
		33CE874D2DF362930025778E /* Release */ = {
			isa = XCBuildConfiguration;
			buildSettings = {
				ASSETCATALOG_COMPILER_APPICON_NAME = AppIcon;
				ASSETCATALOG_COMPILER_GLOBAL_ACCENT_COLOR_NAME = AccentColor;
				CODE_SIGN_STYLE = Automatic;
				CURRENT_PROJECT_VERSION = 1;
				DEVELOPMENT_ASSET_PATHS = "\"MarvelApiAppSwift/Preview Content\"";
				DEVELOPMENT_TEAM = 37Z67R49HM;
				ENABLE_PREVIEWS = YES;
				GENERATE_INFOPLIST_FILE = YES;
				INFOPLIST_KEY_UIApplicationSceneManifest_Generation = YES;
				INFOPLIST_KEY_UIApplicationSupportsIndirectInputEvents = YES;
				INFOPLIST_KEY_UILaunchScreen_Generation = YES;
				INFOPLIST_KEY_UISupportedInterfaceOrientations = UIInterfaceOrientationPortrait;
				INFOPLIST_KEY_UISupportedInterfaceOrientations_iPad = "UIInterfaceOrientationLandscapeLeft UIInterfaceOrientationLandscapeRight UIInterfaceOrientationPortrait UIInterfaceOrientationPortraitUpsideDown";
				LD_RUNPATH_SEARCH_PATHS = (
					"$(inherited)",
					"@executable_path/Frameworks",
				);
				MARKETING_VERSION = 1.0;
				PRODUCT_BUNDLE_IDENTIFIER = luisquintero.heroes.swiftui.MarvelApiAppSwift;
				PRODUCT_NAME = "$(TARGET_NAME)";
				SWIFT_EMIT_LOC_STRINGS = YES;
				SWIFT_VERSION = 5.0;
				TARGETED_DEVICE_FAMILY = "1,2";
			};
			name = Release;
		};
		33CE874F2DF362930025778E /* Debug */ = {
			isa = XCBuildConfiguration;
			buildSettings = {
				BUNDLE_LOADER = "$(TEST_HOST)";
				CODE_SIGN_STYLE = Automatic;
				CURRENT_PROJECT_VERSION = 1;
				DEVELOPMENT_TEAM = 37Z67R49HM;
				GENERATE_INFOPLIST_FILE = YES;
				IPHONEOS_DEPLOYMENT_TARGET = 18.2;
				MARKETING_VERSION = 1.0;
				PRODUCT_BUNDLE_IDENTIFIER = luisquintero.heroes.swiftui.MarvelApiAppSwiftTests;
				PRODUCT_NAME = "$(TARGET_NAME)";
				SWIFT_EMIT_LOC_STRINGS = NO;
				SWIFT_VERSION = 5.0;
				TARGETED_DEVICE_FAMILY = "1,2";
				TEST_HOST = "$(BUILT_PRODUCTS_DIR)/MarvelApiAppSwift.app/$(BUNDLE_EXECUTABLE_FOLDER_PATH)/MarvelApiAppSwift";
			};
			name = Debug;
		};
		33CE87502DF362930025778E /* Release */ = {
			isa = XCBuildConfiguration;
			buildSettings = {
				BUNDLE_LOADER = "$(TEST_HOST)";
				CODE_SIGN_STYLE = Automatic;
				CURRENT_PROJECT_VERSION = 1;
				DEVELOPMENT_TEAM = 37Z67R49HM;
				GENERATE_INFOPLIST_FILE = YES;
				IPHONEOS_DEPLOYMENT_TARGET = 18.2;
				MARKETING_VERSION = 1.0;
				PRODUCT_BUNDLE_IDENTIFIER = luisquintero.heroes.swiftui.MarvelApiAppSwiftTests;
				PRODUCT_NAME = "$(TARGET_NAME)";
				SWIFT_EMIT_LOC_STRINGS = NO;
				SWIFT_VERSION = 5.0;
				TARGETED_DEVICE_FAMILY = "1,2";
				TEST_HOST = "$(BUILT_PRODUCTS_DIR)/MarvelApiAppSwift.app/$(BUNDLE_EXECUTABLE_FOLDER_PATH)/MarvelApiAppSwift";
			};
			name = Release;
		};
		33CE87522DF362930025778E /* Debug */ = {
			isa = XCBuildConfiguration;
			buildSettings = {
				CODE_SIGN_STYLE = Automatic;
				CURRENT_PROJECT_VERSION = 1;
				DEVELOPMENT_TEAM = 37Z67R49HM;
				GENERATE_INFOPLIST_FILE = YES;
				MARKETING_VERSION = 1.0;
				PRODUCT_BUNDLE_IDENTIFIER = luisquintero.heroes.swiftui.MarvelApiAppSwiftUITests;
				PRODUCT_NAME = "$(TARGET_NAME)";
				SWIFT_EMIT_LOC_STRINGS = NO;
				SWIFT_VERSION = 5.0;
				TARGETED_DEVICE_FAMILY = "1,2";
				TEST_TARGET_NAME = MarvelApiAppSwift;
			};
			name = Debug;
		};
		33CE87532DF362930025778E /* Release */ = {
			isa = XCBuildConfiguration;
			buildSettings = {
				CODE_SIGN_STYLE = Automatic;
				CURRENT_PROJECT_VERSION = 1;
				DEVELOPMENT_TEAM = 37Z67R49HM;
				GENERATE_INFOPLIST_FILE = YES;
				MARKETING_VERSION = 1.0;
				PRODUCT_BUNDLE_IDENTIFIER = luisquintero.heroes.swiftui.MarvelApiAppSwiftUITests;
				PRODUCT_NAME = "$(TARGET_NAME)";
				SWIFT_EMIT_LOC_STRINGS = NO;
				SWIFT_VERSION = 5.0;
				TARGETED_DEVICE_FAMILY = "1,2";
				TEST_TARGET_NAME = MarvelApiAppSwift;
			};
			name = Release;
		};
/* End XCBuildConfiguration section */

/* Begin XCConfigurationList section */
		33CE87222DF362920025778E /* Build configuration list for PBXProject "MarvelApiAppSwift" */ = {
			isa = XCConfigurationList;
			buildConfigurations = (
				33CE87492DF362930025778E /* Debug */,
				33CE874A2DF362930025778E /* Release */,
			);
			defaultConfigurationIsVisible = 0;
			defaultConfigurationName = Release;
		};
		33CE874B2DF362930025778E /* Build configuration list for PBXNativeTarget "MarvelApiAppSwift" */ = {
			isa = XCConfigurationList;
			buildConfigurations = (
				33CE874C2DF362930025778E /* Debug */,
				33CE874D2DF362930025778E /* Release */,
			);
			defaultConfigurationIsVisible = 0;
			defaultConfigurationName = Release;
		};
		33CE874E2DF362930025778E /* Build configuration list for PBXNativeTarget "MarvelApiAppSwiftTests" */ = {
			isa = XCConfigurationList;
			buildConfigurations = (
				33CE874F2DF362930025778E /* Debug */,
				33CE87502DF362930025778E /* Release */,
			);
			defaultConfigurationIsVisible = 0;
			defaultConfigurationName = Release;
		};
		33CE87512DF362930025778E /* Build configuration list for PBXNativeTarget "MarvelApiAppSwiftUITests" */ = {
			isa = XCConfigurationList;
			buildConfigurations = (
				33CE87522DF362930025778E /* Debug */,
				33CE87532DF362930025778E /* Release */,
			);
			defaultConfigurationIsVisible = 0;
			defaultConfigurationName = Release;
		};
/* End XCConfigurationList section */
	};
	rootObject = 33CE871F2DF362920025778E /* Project object */;
}
